
Microsoft Visual Studio Solution File, Format Version 12.00
# Visual Studio 2013
VisualStudioVersion = 12.0.31101.0
MinimumVisualStudioVersion = 10.0.40219.1
Project("{FAE04EC0-301F-11D3-BF4B-00C04F79EFBC}") = "GrSU.University", "GrSU.University\GrSU.University.csproj", "{0BE6C826-2388-4C5E-8DA0-2261447A3123}"
EndProject
Project("{2150E333-8FDC-42A3-9474-1A3956D46DE8}") = ".nuget", ".nuget", "{AD8CFD43-1912-4BB1-8B4C-828FA52EE53B}"
	ProjectSection(SolutionItems) = preProject
		.nuget\NuGet.Config = .nuget\NuGet.Config
		.nuget\NuGet.exe = .nuget\NuGet.exe
		.nuget\NuGet.targets = .nuget\NuGet.targets
	EndProjectSection
EndProject
Project("{2150E333-8FDC-42A3-9474-1A3956D46DE8}") = "Tests", "Tests", "{84D01008-F4AD-41A4-BC75-149691E893ED}"
EndProject
Project("{FAE04EC0-301F-11D3-BF4B-00C04F79EFBC}") = "GrSU.University.Domain.Services.Static.Tests", "GrSU.University.Domain.Services.Static.Tests\GrSU.University.Domain.Services.Static.Tests.csproj", "{CAFDABA1-393A-427C-8840-4C1AB8825D0D}"
EndProject
Project("{FAE04EC0-301F-11D3-BF4B-00C04F79EFBC}") = "GrSU.University.Domain.Services.Static", "GrSU.University.Domain.Services.Static\GrSU.University.Domain.Services.Static.csproj", "{0F66C54E-90C1-461F-B942-BA7219E69498}"
EndProject
Global
	GlobalSection(SolutionConfigurationPlatforms) = preSolution
		Debug|Any CPU = Debug|Any CPU
		Release|Any CPU = Release|Any CPU
	EndGlobalSection
	GlobalSection(ProjectConfigurationPlatforms) = postSolution
		{0BE6C826-2388-4C5E-8DA0-2261447A3123}.Debug|Any CPU.ActiveCfg = Debug|Any CPU
		{0BE6C826-2388-4C5E-8DA0-2261447A3123}.Debug|Any CPU.Build.0 = Debug|Any CPU
		{0BE6C826-2388-4C5E-8DA0-2261447A3123}.Release|Any CPU.ActiveCfg = Release|Any CPU
		{0BE6C826-2388-4C5E-8DA0-2261447A3123}.Release|Any CPU.Build.0 = Release|Any CPU
		{CAFDABA1-393A-427C-8840-4C1AB8825D0D}.Debug|Any CPU.ActiveCfg = Debug|Any CPU
		{CAFDABA1-393A-427C-8840-4C1AB8825D0D}.Debug|Any CPU.Build.0 = Debug|Any CPU
		{CAFDABA1-393A-427C-8840-4C1AB8825D0D}.Release|Any CPU.ActiveCfg = Release|Any CPU
		{CAFDABA1-393A-427C-8840-4C1AB8825D0D}.Release|Any CPU.Build.0 = Release|Any CPU
		{0F66C54E-90C1-461F-B942-BA7219E69498}.Debug|Any CPU.ActiveCfg = Debug|Any CPU
		{0F66C54E-90C1-461F-B942-BA7219E69498}.Debug|Any CPU.Build.0 = Debug|Any CPU
		{0F66C54E-90C1-461F-B942-BA7219E69498}.Release|Any CPU.ActiveCfg = Release|Any CPU
		{0F66C54E-90C1-461F-B942-BA7219E69498}.Release|Any CPU.Build.0 = Release|Any CPU
	EndGlobalSection
	GlobalSection(SolutionProperties) = preSolution
		HideSolutionNode = FALSE
	EndGlobalSection
	GlobalSection(NestedProjects) = preSolution
		{CAFDABA1-393A-427C-8840-4C1AB8825D0D} = {84D01008-F4AD-41A4-BC75-149691E893ED}
	EndGlobalSection
EndGlobal
